
Microsoft Visual Studio Solution File, Format Version 12.00
# Visual Studio Version 17
VisualStudioVersion = 17.7.34202.233
MinimumVisualStudioVersion = 10.0.40219.1
Project("{FAE04EC0-301F-11D3-BF4B-00C04F79EFBC}") = "Ny4rlk0IdleBrowser", "Ny4rlk0IdleBrowser.csproj", "{E0B22BFB-C1ED-404F-AA3B-EB2D8410E76C}"
EndProject
Global
	GlobalSection(SolutionConfigurationPlatforms) = preSolution
		Debug|Any CPU = Debug|Any CPU
		Release|Any CPU = Release|Any CPU
	EndGlobalSection
	GlobalSection(ProjectConfigurationPlatforms) = postSolution
		{E0B22BFB-C1ED-404F-AA3B-EB2D8410E76C}.Debug|Any CPU.ActiveCfg = Debug|Any CPU
		{E0B22BFB-C1ED-404F-AA3B-EB2D8410E76C}.Debug|Any CPU.Build.0 = Debug|Any CPU
		{E0B22BFB-C1ED-404F-AA3B-EB2D8410E76C}.Release|Any CPU.ActiveCfg = Release|Any CPU
		{E0B22BFB-C1ED-404F-AA3B-EB2D8410E76C}.Release|Any CPU.Build.0 = Release|Any CPU
	EndGlobalSection
	GlobalSection(SolutionProperties) = preSolution
		HideSolutionNode = FALSE
	EndGlobalSection
	GlobalSection(ExtensibilityGlobals) = postSolution
		SolutionGuid = {B9A83AFA-09FB-4DCF-8390-15C749A3F83F}
	EndGlobalSection
EndGlobal
